// !$*UTF8*$!
{
	archiveVersion = 1;
	classes = {
	};
	objectVersion = 46;
	objects = {

/* Begin PBXBuildFile section */
		4721C2061C201B32004E24FA /* main.m in Sources */ = {isa = PBXBuildFile; fileRef = 4721C2051C201B32004E24FA /* main.m */; };
		4721C2091C201B32004E24FA /* AppDelegate.m in Sources */ = {isa = PBXBuildFile; fileRef = 4721C2081C201B32004E24FA /* AppDelegate.m */; };
		4721C20C1C201B32004E24FA /* ViewController.m in Sources */ = {isa = PBXBuildFile; fileRef = 4721C20B1C201B32004E24FA /* ViewController.m */; };
		4721C20F1C201B32004E24FA /* Main.storyboard in Resources */ = {isa = PBXBuildFile; fileRef = 4721C20D1C201B32004E24FA /* Main.storyboard */; };
		4721C2111C201B32004E24FA /* Assets.xcassets in Resources */ = {isa = PBXBuildFile; fileRef = 4721C2101C201B32004E24FA /* Assets.xcassets */; };
		4721C2141C201B32004E24FA /* LaunchScreen.storyboard in Resources */ = {isa = PBXBuildFile; fileRef = 4721C2121C201B32004E24FA /* LaunchScreen.storyboard */; };
		4721C21F1C201B33004E24FA /* OBJPropertyDemoTests.m in Sources */ = {isa = PBXBuildFile; fileRef = 4721C21E1C201B33004E24FA /* OBJPropertyDemoTests.m */; };
		4721C22A1C201B33004E24FA /* OBJPropertyDemoUITests.m in Sources */ = {isa = PBXBuildFile; fileRef = 4721C2291C201B33004E24FA /* OBJPropertyDemoUITests.m */; };
		4721C23A1C201B83004E24FA /* NSObject+ReflectProperty.m in Sources */ = {isa = PBXBuildFile; fileRef = 4721C2391C201B83004E24FA /* NSObject+ReflectProperty.m */; };
		4721C23E1C201CF8004E24FA /* ChinaTeacher.m in Sources */ = {isa = PBXBuildFile; fileRef = 4721C23D1C201CF8004E24FA /* ChinaTeacher.m */; };
/* End PBXBuildFile section */

/* Begin PBXContainerItemProxy section */
		4721C21B1C201B32004E24FA /* PBXContainerItemProxy */ = {
			isa = PBXContainerItemProxy;
			containerPortal = 4721C1F91C201B32004E24FA /* Project object */;
			proxyType = 1;
			remoteGlobalIDString = 4721C2001C201B32004E24FA;
			remoteInfo = OBJPropertyDemo;
		};
		4721C2261C201B33004E24FA /* PBXContainerItemProxy */ = {
			isa = PBXContainerItemProxy;
			containerPortal = 4721C1F91C201B32004E24FA /* Project object */;
			proxyType = 1;
			remoteGlobalIDString = 4721C2001C201B32004E24FA;
			remoteInfo = OBJPropertyDemo;
		};
/* End PBXContainerItemProxy section */

/* Begin PBXFileReference section */
		4721C2011C201B32004E24FA /* OBJPropertyDemo.app */ = {isa = PBXFileReference; explicitFileType = wrapper.application; includeInIndex = 0; path = OBJPropertyDemo.app; sourceTree = BUILT_PRODUCTS_DIR; };
		4721C2051C201B32004E24FA /* main.m */ = {isa = PBXFileReference; lastKnownFileType = sourcecode.c.objc; path = main.m; sourceTree = "<group>"; };
		4721C2071C201B32004E24FA /* AppDelegate.h */ = {isa = PBXFileReference; lastKnownFileType = sourcecode.c.h; path = AppDelegate.h; sourceTree = "<group>"; };
		4721C2081C201B32004E24FA /* AppDelegate.m */ = {isa = PBXFileReference; lastKnownFileType = sourcecode.c.objc; path = AppDelegate.m; sourceTree = "<group>"; };
		4721C20A1C201B32004E24FA /* ViewController.h */ = {isa = PBXFileReference; lastKnownFileType = sourcecode.c.h; path = ViewController.h; sourceTree = "<group>"; };
		4721C20B1C201B32004E24FA /* ViewController.m */ = {isa = PBXFileReference; lastKnownFileType = sourcecode.c.objc; path = ViewController.m; sourceTree = "<group>"; };
		4721C20E1C201B32004E24FA /* Base */ = {isa = PBXFileReference; lastKnownFileType = file.storyboard; name = Base; path = Base.lproj/Main.storyboard; sourceTree = "<group>"; };
		4721C2101C201B32004E24FA /* Assets.xcassets */ = {isa = PBXFileReference; lastKnownFileType = folder.assetcatalog; path = Assets.xcassets; sourceTree = "<group>"; };
		4721C2131C201B32004E24FA /* Base */ = {isa = PBXFileReference; lastKnownFileType = file.storyboard; name = Base; path = Base.lproj/LaunchScreen.storyboard; sourceTree = "<group>"; };
		4721C2151C201B32004E24FA /* Info.plist */ = {isa = PBXFileReference; lastKnownFileType = text.plist.xml; path = Info.plist; sourceTree = "<group>"; };
		4721C21A1C201B32004E24FA /* OBJPropertyDemoTests.xctest */ = {isa = PBXFileReference; explicitFileType = wrapper.cfbundle; includeInIndex = 0; path = OBJPropertyDemoTests.xctest; sourceTree = BUILT_PRODUCTS_DIR; };
		4721C21E1C201B33004E24FA /* OBJPropertyDemoTests.m */ = {isa = PBXFileReference; lastKnownFileType = sourcecode.c.objc; path = OBJPropertyDemoTests.m; sourceTree = "<group>"; };
		4721C2201C201B33004E24FA /* Info.plist */ = {isa = PBXFileReference; lastKnownFileType = text.plist.xml; path = Info.plist; sourceTree = "<group>"; };
		4721C2251C201B33004E24FA /* OBJPropertyDemoUITests.xctest */ = {isa = PBXFileReference; explicitFileType = wrapper.cfbundle; includeInIndex = 0; path = OBJPropertyDemoUITests.xctest; sourceTree = BUILT_PRODUCTS_DIR; };
		4721C2291C201B33004E24FA /* OBJPropertyDemoUITests.m */ = {isa = PBXFileReference; lastKnownFileType = sourcecode.c.objc; path = OBJPropertyDemoUITests.m; sourceTree = "<group>"; };
		4721C22B1C201B33004E24FA /* Info.plist */ = {isa = PBXFileReference; lastKnownFileType = text.plist.xml; path = Info.plist; sourceTree = "<group>"; };
		4721C2381C201B83004E24FA /* NSObject+ReflectProperty.h */ = {isa = PBXFileReference; fileEncoding = 4; lastKnownFileType = sourcecode.c.h; path = "NSObject+ReflectProperty.h"; sourceTree = "<group>"; };
		4721C2391C201B83004E24FA /* NSObject+ReflectProperty.m */ = {isa = PBXFileReference; fileEncoding = 4; lastKnownFileType = sourcecode.c.objc; path = "NSObject+ReflectProperty.m"; sourceTree = "<group>"; };
		4721C23C1C201CF8004E24FA /* ChinaTeacher.h */ = {isa = PBXFileReference; fileEncoding = 4; lastKnownFileType = sourcecode.c.h; path = ChinaTeacher.h; sourceTree = "<group>"; };
		4721C23D1C201CF8004E24FA /* ChinaTeacher.m */ = {isa = PBXFileReference; fileEncoding = 4; lastKnownFileType = sourcecode.c.objc; path = ChinaTeacher.m; sourceTree = "<group>"; };
/* End PBXFileReference section */

/* Begin PBXFrameworksBuildPhase section */
		4721C1FE1C201B32004E24FA /* Frameworks */ = {
			isa = PBXFrameworksBuildPhase;
			buildActionMask = 2147483647;
			files = (
			);
			runOnlyForDeploymentPostprocessing = 0;
		};
		4721C2171C201B32004E24FA /* Frameworks */ = {
			isa = PBXFrameworksBuildPhase;
			buildActionMask = 2147483647;
			files = (
			);
			runOnlyForDeploymentPostprocessing = 0;
		};
		4721C2221C201B33004E24FA /* Frameworks */ = {
			isa = PBXFrameworksBuildPhase;
			buildActionMask = 2147483647;
			files = (
			);
			runOnlyForDeploymentPostprocessing = 0;
		};
/* End PBXFrameworksBuildPhase section */

/* Begin PBXGroup section */
		4721C1F81C201B32004E24FA = {
			isa = PBXGroup;
			children = (
				4721C2031C201B32004E24FA /* OBJPropertyDemo */,
				4721C21D1C201B32004E24FA /* OBJPropertyDemoTests */,
				4721C2281C201B33004E24FA /* OBJPropertyDemoUITests */,
				4721C2021C201B32004E24FA /* Products */,
			);
			sourceTree = "<group>";
		};
		4721C2021C201B32004E24FA /* Products */ = {
			isa = PBXGroup;
			children = (
				4721C2011C201B32004E24FA /* OBJPropertyDemo.app */,
				4721C21A1C201B32004E24FA /* OBJPropertyDemoTests.xctest */,
				4721C2251C201B33004E24FA /* OBJPropertyDemoUITests.xctest */,
			);
			name = Products;
			sourceTree = "<group>";
		};
		4721C2031C201B32004E24FA /* OBJPropertyDemo */ = {
			isa = PBXGroup;
			children = (
				4721C23B1C201CBC004E24FA /* TestClass */,
				4721C2371C201B3F004E24FA /* ObjectExtension */,
				4721C2071C201B32004E24FA /* AppDelegate.h */,
				4721C2081C201B32004E24FA /* AppDelegate.m */,
				4721C20A1C201B32004E24FA /* ViewController.h */,
				4721C20B1C201B32004E24FA /* ViewController.m */,
				4721C20D1C201B32004E24FA /* Main.storyboard */,
				4721C2101C201B32004E24FA /* Assets.xcassets */,
				4721C2121C201B32004E24FA /* LaunchScreen.storyboard */,
				4721C2151C201B32004E24FA /* Info.plist */,
				4721C2041C201B32004E24FA /* Supporting Files */,
			);
			path = OBJPropertyDemo;
			sourceTree = "<group>";
		};
		4721C2041C201B32004E24FA /* Supporting Files */ = {
			isa = PBXGroup;
			children = (
				4721C2051C201B32004E24FA /* main.m */,
			);
			name = "Supporting Files";
			sourceTree = "<group>";
		};
		4721C21D1C201B32004E24FA /* OBJPropertyDemoTests */ = {
			isa = PBXGroup;
			children = (
				4721C21E1C201B33004E24FA /* OBJPropertyDemoTests.m */,
				4721C2201C201B33004E24FA /* Info.plist */,
			);
			path = OBJPropertyDemoTests;
			sourceTree = "<group>";
		};
		4721C2281C201B33004E24FA /* OBJPropertyDemoUITests */ = {
			isa = PBXGroup;
			children = (
				4721C2291C201B33004E24FA /* OBJPropertyDemoUITests.m */,
				4721C22B1C201B33004E24FA /* Info.plist */,
			);
			path = OBJPropertyDemoUITests;
			sourceTree = "<group>";
		};
		4721C2371C201B3F004E24FA /* ObjectExtension */ = {
			isa = PBXGroup;
			children = (
				4721C2381C201B83004E24FA /* NSObject+ReflectProperty.h */,
				4721C2391C201B83004E24FA /* NSObject+ReflectProperty.m */,
			);
			name = ObjectExtension;
			sourceTree = "<group>";
		};
		4721C23B1C201CBC004E24FA /* TestClass */ = {
			isa = PBXGroup;
			children = (
				4721C23C1C201CF8004E24FA /* ChinaTeacher.h */,
				4721C23D1C201CF8004E24FA /* ChinaTeacher.m */,
			);
			name = TestClass;
			sourceTree = "<group>";
		};
/* End PBXGroup section */

/* Begin PBXNativeTarget section */
		4721C2001C201B32004E24FA /* OBJPropertyDemo */ = {
			isa = PBXNativeTarget;
			buildConfigurationList = 4721C22E1C201B33004E24FA /* Build configuration list for PBXNativeTarget "OBJPropertyDemo" */;
			buildPhases = (
				4721C1FD1C201B32004E24FA /* Sources */,
				4721C1FE1C201B32004E24FA /* Frameworks */,
				4721C1FF1C201B32004E24FA /* Resources */,
			);
			buildRules = (
			);
			dependencies = (
			);
			name = OBJPropertyDemo;
			productName = OBJPropertyDemo;
			productReference = 4721C2011C201B32004E24FA /* OBJPropertyDemo.app */;
			productType = "com.apple.product-type.application";
		};
		4721C2191C201B32004E24FA /* OBJPropertyDemoTests */ = {
			isa = PBXNativeTarget;
			buildConfigurationList = 4721C2311C201B33004E24FA /* Build configuration list for PBXNativeTarget "OBJPropertyDemoTests" */;
			buildPhases = (
				4721C2161C201B32004E24FA /* Sources */,
				4721C2171C201B32004E24FA /* Frameworks */,
				4721C2181C201B32004E24FA /* Resources */,
			);
			buildRules = (
			);
			dependencies = (
				4721C21C1C201B32004E24FA /* PBXTargetDependency */,
			);
			name = OBJPropertyDemoTests;
			productName = OBJPropertyDemoTests;
			productReference = 4721C21A1C201B32004E24FA /* OBJPropertyDemoTests.xctest */;
			productType = "com.apple.product-type.bundle.unit-test";
		};
		4721C2241C201B33004E24FA /* OBJPropertyDemoUITests */ = {
			isa = PBXNativeTarget;
			buildConfigurationList = 4721C2341C201B33004E24FA /* Build configuration list for PBXNativeTarget "OBJPropertyDemoUITests" */;
			buildPhases = (
				4721C2211C201B33004E24FA /* Sources */,
				4721C2221C201B33004E24FA /* Frameworks */,
				4721C2231C201B33004E24FA /* Resources */,
			);
			buildRules = (
			);
			dependencies = (
				4721C2271C201B33004E24FA /* PBXTargetDependency */,
			);
			name = OBJPropertyDemoUITests;
			productName = OBJPropertyDemoUITests;
			productReference = 4721C2251C201B33004E24FA /* OBJPropertyDemoUITests.xctest */;
			productType = "com.apple.product-type.bundle.ui-testing";
		};
/* End PBXNativeTarget section */

/* Begin PBXProject section */
		4721C1F91C201B32004E24FA /* Project object */ = {
			isa = PBXProject;
			attributes = {
				LastUpgradeCheck = 0710;
				ORGANIZATIONNAME = Cobb;
				TargetAttributes = {
					4721C2001C201B32004E24FA = {
						CreatedOnToolsVersion = 7.1.1;
					};
					4721C2191C201B32004E24FA = {
						CreatedOnToolsVersion = 7.1.1;
						TestTargetID = 4721C2001C201B32004E24FA;
					};
					4721C2241C201B33004E24FA = {
						CreatedOnToolsVersion = 7.1.1;
						TestTargetID = 4721C2001C201B32004E24FA;
					};
				};
			};
			buildConfigurationList = 4721C1FC1C201B32004E24FA /* Build configuration list for PBXProject "OBJPropertyDemo" */;
			compatibilityVersion = "Xcode 3.2";
			developmentRegion = English;
			hasScannedForEncodings = 0;
			knownRegions = (
				en,
				Base,
			);
			mainGroup = 4721C1F81C201B32004E24FA;
			productRefGroup = 4721C2021C201B32004E24FA /* Products */;
			projectDirPath = "";
			projectRoot = "";
			targets = (
				4721C2001C201B32004E24FA /* OBJPropertyDemo */,
				4721C2191C201B32004E24FA /* OBJPropertyDemoTests */,
				4721C2241C201B33004E24FA /* OBJPropertyDemoUITests */,
			);
		};
/* End PBXProject section */

/* Begin PBXResourcesBuildPhase section */
		4721C1FF1C201B32004E24FA /* Resources */ = {
			isa = PBXResourcesBuildPhase;
			buildActionMask = 2147483647;
			files = (
				4721C2141C201B32004E24FA /* LaunchScreen.storyboard in Resources */,
				4721C2111C201B32004E24FA /* Assets.xcassets in Resources */,
				4721C20F1C201B32004E24FA /* Main.storyboard in Resources */,
			);
			runOnlyForDeploymentPostprocessing = 0;
		};
		4721C2181C201B32004E24FA /* Resources */ = {
			isa = PBXResourcesBuildPhase;
			buildActionMask = 2147483647;
			files = (
			);
			runOnlyForDeploymentPostprocessing = 0;
		};
		4721C2231C201B33004E24FA /* Resources */ = {
			isa = PBXResourcesBuildPhase;
			buildActionMask = 2147483647;
			files = (
			);
			runOnlyForDeploymentPostprocessing = 0;
		};
/* End PBXResourcesBuildPhase section */

/* Begin PBXSourcesBuildPhase section */
		4721C1FD1C201B32004E24FA /* Sources */ = {
			isa = PBXSourcesBuildPhase;
			buildActionMask = 2147483647;
			files = (
				4721C20C1C201B32004E24FA /* ViewController.m in Sources */,
				4721C23E1C201CF8004E24FA /* ChinaTeacher.m in Sources */,
				4721C2091C201B32004E24FA /* AppDelegate.m in Sources */,
				4721C23A1C201B83004E24FA /* NSObject+ReflectProperty.m in Sources */,
				4721C2061C201B32004E24FA /* main.m in Sources */,
			);
			runOnlyForDeploymentPostprocessing = 0;
		};
		4721C2161C201B32004E24FA /* Sources */ = {
			isa = PBXSourcesBuildPhase;
			buildActionMask = 2147483647;
			files = (
				4721C21F1C201B33004E24FA /* OBJPropertyDemoTests.m in Sources */,
			);
			runOnlyForDeploymentPostprocessing = 0;
		};
		4721C2211C201B33004E24FA /* Sources */ = {
			isa = PBXSourcesBuildPhase;
			buildActionMask = 2147483647;
			files = (
				4721C22A1C201B33004E24FA /* OBJPropertyDemoUITests.m in Sources */,
			);
			runOnlyForDeploymentPostprocessing = 0;
		};
/* End PBXSourcesBuildPhase section */

/* Begin PBXTargetDependency section */
		4721C21C1C201B32004E24FA /* PBXTargetDependency */ = {
			isa = PBXTargetDependency;
			target = 4721C2001C201B32004E24FA /* OBJPropertyDemo */;
			targetProxy = 4721C21B1C201B32004E24FA /* PBXContainerItemProxy */;
		};
		4721C2271C201B33004E24FA /* PBXTargetDependency */ = {
			isa = PBXTargetDependency;
			target = 4721C2001C201B32004E24FA /* OBJPropertyDemo */;
			targetProxy = 4721C2261C201B33004E24FA /* PBXContainerItemProxy */;
		};
/* End PBXTargetDependency section */

/* Begin PBXVariantGroup section */
		4721C20D1C201B32004E24FA /* Main.storyboard */ = {
			isa = PBXVariantGroup;
			children = (
				4721C20E1C201B32004E24FA /* Base */,
			);
			name = Main.storyboard;
			sourceTree = "<group>";
		};
		4721C2121C201B32004E24FA /* LaunchScreen.storyboard */ = {
			isa = PBXVariantGroup;
			children = (
				4721C2131C201B32004E24FA /* Base */,
			);
			name = LaunchScreen.storyboard;
			sourceTree = "<group>";
		};
/* End PBXVariantGroup section */

/* Begin XCBuildConfiguration section */
		4721C22C1C201B33004E24FA /* Debug */ = {
			isa = XCBuildConfiguration;
			buildSettings = {
				ALWAYS_SEARCH_USER_PATHS = NO;
				CLANG_CXX_LANGUAGE_STANDARD = "gnu++0x";
				CLANG_CXX_LIBRARY = "libc++";
				CLANG_ENABLE_MODULES = YES;
				CLANG_ENABLE_OBJC_ARC = YES;
				CLANG_WARN_BOOL_CONVERSION = YES;
				CLANG_WARN_CONSTANT_CONVERSION = YES;
				CLANG_WARN_DIRECT_OBJC_ISA_USAGE = YES_ERROR;
				CLANG_WARN_EMPTY_BODY = YES;
				CLANG_WARN_ENUM_CONVERSION = YES;
				CLANG_WARN_INT_CONVERSION = YES;
				CLANG_WARN_OBJC_ROOT_CLASS = YES_ERROR;
				CLANG_WARN_UNREACHABLE_CODE = YES;
				CLANG_WARN__DUPLICATE_METHOD_MATCH = YES;
				"CODE_SIGN_IDENTITY[sdk=iphoneos*]" = "iPhone Developer";
				COPY_PHASE_STRIP = NO;
				DEBUG_INFORMATION_FORMAT = dwarf;
				ENABLE_STRICT_OBJC_MSGSEND = YES;
				ENABLE_TESTABILITY = YES;
				GCC_C_LANGUAGE_STANDARD = gnu99;
				GCC_DYNAMIC_NO_PIC = NO;
				GCC_NO_COMMON_BLOCKS = YES;
				GCC_OPTIMIZATION_LEVEL = 0;
				GCC_PREPROCESSOR_DEFINITIONS = (
					"DEBUG=1",
					"$(inherited)",
				);
				GCC_WARN_64_TO_32_BIT_CONVERSION = YES;
				GCC_WARN_ABOUT_RETURN_TYPE = YES_ERROR;
				GCC_WARN_UNDECLARED_SELECTOR = YES;
				GCC_WARN_UNINITIALIZED_AUTOS = YES_AGGRESSIVE;
				GCC_WARN_UNUSED_FUNCTION = YES;
				GCC_WARN_UNUSED_VARIABLE = YES;
				IPHONEOS_DEPLOYMENT_TARGET = 9.1;
				MTL_ENABLE_DEBUG_INFO = YES;
				ONLY_ACTIVE_ARCH = YES;
				SDKROOT = iphoneos;
				TARGETED_DEVICE_FAMILY = "1,2";
			};
			name = Debug;
		};
		4721C22D1C201B33004E24FA /* Release */ = {
			isa = XCBuildConfiguration;
			buildSettings = {
				ALWAYS_SEARCH_USER_PATHS = NO;
				CLANG_CXX_LANGUAGE_STANDARD = "gnu++0x";
				CLANG_CXX_LIBRARY = "libc++";
				CLANG_ENABLE_MODULES = YES;
				CLANG_ENABLE_OBJC_ARC = YES;
				CLANG_WARN_BOOL_CONVERSION = YES;
				CLANG_WARN_CONSTANT_CONVERSION = YES;
				CLANG_WARN_DIRECT_OBJC_ISA_USAGE = YES_ERROR;
				CLANG_WARN_EMPTY_BODY = YES;
				CLANG_WARN_ENUM_CONVERSION = YES;
				CLANG_WARN_INT_CONVERSION = YES;
				CLANG_WARN_OBJC_ROOT_CLASS = YES_ERROR;
				CLANG_WARN_UNREACHABLE_CODE = YES;
				CLANG_WARN__DUPLICATE_METHOD_MATCH = YES;
				"CODE_SIGN_IDENTITY[sdk=iphoneos*]" = "iPhone Developer";
				COPY_PHASE_STRIP = NO;
				DEBUG_INFORMATION_FORMAT = "dwarf-with-dsym";
				ENABLE_NS_ASSERTIONS = NO;
				ENABLE_STRICT_OBJC_MSGSEND = YES;
				GCC_C_LANGUAGE_STANDARD = gnu99;
				GCC_NO_COMMON_BLOCKS = YES;
				GCC_WARN_64_TO_32_BIT_CONVERSION = YES;
				GCC_WARN_ABOUT_RETURN_TYPE = YES_ERROR;
				GCC_WARN_UNDECLARED_SELECTOR = YES;
				GCC_WARN_UNINITIALIZED_AUTOS = YES_AGGRESSIVE;
				GCC_WARN_UNUSED_FUNCTION = YES;
				GCC_WARN_UNUSED_VARIABLE = YES;
				IPHONEOS_DEPLOYMENT_TARGET = 9.1;
				MTL_ENABLE_DEBUG_INFO = NO;
				SDKROOT = iphoneos;
				TARGETED_DEVICE_FAMILY = "1,2";
				VALIDATE_PRODUCT = YES;
			};
			name = Release;
		};
		4721C22F1C201B33004E24FA /* Debug */ = {
			isa = XCBuildConfiguration;
			buildSettings = {
				ASSETCATALOG_COMPILER_APPICON_NAME = AppIcon;
				INFOPLIST_FILE = OBJPropertyDemo/Info.plist;
				LD_RUNPATH_SEARCH_PATHS = "$(inherited) @executable_path/Frameworks";
				PRODUCT_BUNDLE_IDENTIFIER = MaLiang.OBJPropertyDemo;
				PRODUCT_NAME = "$(TARGET_NAME)";
			};
			name = Debug;
		};
		4721C2301C201B33004E24FA /* Release */ = {
			isa = XCBuildConfiguration;
			buildSettings = {
				ASSETCATALOG_COMPILER_APPICON_NAME = AppIcon;
				INFOPLIST_FILE = OBJPropertyDemo/Info.plist;
				LD_RUNPATH_SEARCH_PATHS = "$(inherited) @executable_path/Frameworks";
				PRODUCT_BUNDLE_IDENTIFIER = MaLiang.OBJPropertyDemo;
				PRODUCT_NAME = "$(TARGET_NAME)";
			};
			name = Release;
		};
		4721C2321C201B33004E24FA /* Debug */ = {
			isa = XCBuildConfiguration;
			buildSettings = {
				BUNDLE_LOADER = "$(TEST_HOST)";
				INFOPLIST_FILE = OBJPropertyDemoTests/Info.plist;
				LD_RUNPATH_SEARCH_PATHS = "$(inherited) @executable_path/Frameworks @loader_path/Frameworks";
				PRODUCT_BUNDLE_IDENTIFIER = MaLiang.OBJPropertyDemoTests;
				PRODUCT_NAME = "$(TARGET_NAME)";
				TEST_HOST = "$(BUILT_PRODUCTS_DIR)/OBJPropertyDemo.app/OBJPropertyDemo";
			};
			name = Debug;
		};
		4721C2331C201B33004E24FA /* Release */ = {
			isa = XCBuildConfiguration;
			buildSettings = {
				BUNDLE_LOADER = "$(TEST_HOST)";
				INFOPLIST_FILE = OBJPropertyDemoTests/Info.plist;
				LD_RUNPATH_SEARCH_PATHS = "$(inherited) @executable_path/Frameworks @loader_path/Frameworks";
				PRODUCT_BUNDLE_IDENTIFIER = MaLiang.OBJPropertyDemoTests;
				PRODUCT_NAME = "$(TARGET_NAME)";
				TEST_HOST = "$(BUILT_PRODUCTS_DIR)/OBJPropertyDemo.app/OBJPropertyDemo";
			};
			name = Release;
		};
		4721C2351C201B33004E24FA /* Debug */ = {
			isa = XCBuildConfiguration;
			buildSettings = {
				INFOPLIST_FILE = OBJPropertyDemoUITests/Info.plist;
				LD_RUNPATH_SEARCH_PATHS = "$(inherited) @executable_path/Frameworks @loader_path/Frameworks";
				PRODUCT_BUNDLE_IDENTIFIER = MaLiang.OBJPropertyDemoUITests;
				PRODUCT_NAME = "$(TARGET_NAME)";
				TEST_TARGET_NAME = OBJPropertyDemo;
				USES_XCTRUNNER = YES;
			};
			name = Debug;
		};
		4721C2361C201B33004E24FA /* Release */ = {
			isa = XCBuildConfiguration;
			buildSettings = {
				INFOPLIST_FILE = OBJPropertyDemoUITests/Info.plist;
				LD_RUNPATH_SEARCH_PATHS = "$(inherited) @executable_path/Frameworks @loader_path/Frameworks";
				PRODUCT_BUNDLE_IDENTIFIER = MaLiang.OBJPropertyDemoUITests;
				PRODUCT_NAME = "$(TARGET_NAME)";
				TEST_TARGET_NAME = OBJPropertyDemo;
				USES_XCTRUNNER = YES;
			};
			name = Release;
		};
/* End XCBuildConfiguration section */

/* Begin XCConfigurationList section */
		4721C1FC1C201B32004E24FA /* Build configuration list for PBXProject "OBJPropertyDemo" */ = {
			isa = XCConfigurationList;
			buildConfigurations = (
				4721C22C1C201B33004E24FA /* Debug */,
				4721C22D1C201B33004E24FA /* Release */,
			);
			defaultConfigurationIsVisible = 0;
			defaultConfigurationName = Release;
		};
		4721C22E1C201B33004E24FA /* Build configuration list for PBXNativeTarget "OBJPropertyDemo" */ = {
			isa = XCConfigurationList;
			buildConfigurations = (
				4721C22F1C201B33004E24FA /* Debug */,
				4721C2301C201B33004E24FA /* Release */,
			);
			defaultConfigurationIsVisible = 0;
		};
		4721C2311C201B33004E24FA /* Build configuration list for PBXNativeTarget "OBJPropertyDemoTests" */ = {
			isa = XCConfigurationList;
			buildConfigurations = (
				4721C2321C201B33004E24FA /* Debug */,
				4721C2331C201B33004E24FA /* Release */,
			);
			defaultConfigurationIsVisible = 0;
		};
		4721C2341C201B33004E24FA /* Build configuration list for PBXNativeTarget "OBJPropertyDemoUITests" */ = {
			isa = XCConfigurationList;
			buildConfigurations = (
				4721C2351C201B33004E24FA /* Debug */,
				4721C2361C201B33004E24FA /* Release */,
			);
			defaultConfigurationIsVisible = 0;
		};
/* End XCConfigurationList section */
	};
	rootObject = 4721C1F91C201B32004E24FA /* Project object */;
}
